
Microsoft Visual Studio Solution File, Format Version 12.00
# Visual Studio 15
VisualStudioVersion = 15.0.28307.489
MinimumVisualStudioVersion = 10.0.40219.1
Project("{2150E333-8FDC-42A3-9474-1A3956D46DE8}") = "Onion", "Onion", "{1B0870DD-704F-447A-B6FE-A4DC5C6FFC4D}"
EndProject
Project("{2150E333-8FDC-42A3-9474-1A3956D46DE8}") = "Core", "Core", "{B46338A4-0328-4AAF-B334-0510221A14C6}"
EndProject
Project("{2150E333-8FDC-42A3-9474-1A3956D46DE8}") = "Domain", "Domain", "{7B6E7EFE-7F9A-4811-B3B4-38C1218DE57C}"
EndProject
Project("{2150E333-8FDC-42A3-9474-1A3956D46DE8}") = "Application", "Application", "{98241710-6BD9-4654-8D07-4AE373AB5F77}"
EndProject
Project("{2150E333-8FDC-42A3-9474-1A3956D46DE8}") = "Interfaces", "Interfaces", "{90469294-6A07-4BD6-ABEA-D1C9A1698F53}"
EndProject
Project("{2150E333-8FDC-42A3-9474-1A3956D46DE8}") = "Tests", "Tests", "{37C56DB9-3C46-4CA2-B2BF-3AAE2447DF73}"
EndProject
Project("{2150E333-8FDC-42A3-9474-1A3956D46DE8}") = "Infrastructure", "Infrastructure", "{7D47BBCC-6D56-4709-83F8-DB975C48EEB4}"
EndProject
Project("{9A19103F-16F7-4668-BE54-9A1E7A4F7556}") = "Onion.Core.Domain", "onion\src\core\domain\Onion.Core.Domain\Onion.Core.Domain.csproj", "{6D143466-48E0-49F1-95CF-90ED82A6C327}"
EndProject
Project("{9A19103F-16F7-4668-BE54-9A1E7A4F7556}") = "Onion.Core.Application", "onion\src\core\application\Onion.Core.Application\Onion.Core.Application.csproj", "{37E2B11B-9287-43AD-8AA3-5DBED868E607}"
EndProject
Project("{9A19103F-16F7-4668-BE54-9A1E7A4F7556}") = "Onion.Infrastructure.Repositories.Sql", "onion\src\Infrastructure\Onion.Infrastructure.Repositories.Sql\Onion.Infrastructure.Repositories.Sql.csproj", "{9DC9D824-88AA-4B72-A1B3-8014815CD35A}"
EndProject
Project("{9A19103F-16F7-4668-BE54-9A1E7A4F7556}") = "Onion.Infrastructure.Repositories.MongoDb", "onion\src\Infrastructure\Onion.Infrastructure.Repositories.MongoDb\Onion.Infrastructure.Repositories.MongoDb.csproj", "{02E51E62-BAAA-4607-9676-5DA98EB28E0C}"
EndProject
Project("{9A19103F-16F7-4668-BE54-9A1E7A4F7556}") = "Onion.Interfaces.Api", "onion\src\Interfaces\Onion.Interfaces.Api\Onion.Interfaces.Api.csproj", "{7FB91CE8-1023-4897-8C9D-DEF5D6DE1C69}"
EndProject
Project("{9A19103F-16F7-4668-BE54-9A1E7A4F7556}") = "Onion.Interfaces.ConsoleApp", "onion\src\Interfaces\Onion.Interfaces.ConsoleApp\Onion.Interfaces.ConsoleApp.csproj", "{A5B52C83-2969-4D39-A983-2AF43EF7AD03}"
EndProject
Project("{2150E333-8FDC-42A3-9474-1A3956D46DE8}") = "Core", "Core", "{38E0B0AB-D258-4918-9B26-994F634C45BC}"
EndProject
Project("{2150E333-8FDC-42A3-9474-1A3956D46DE8}") = "Application", "Application", "{082EC6A9-4DA1-4ECC-BC10-98CBD2BE9757}"
EndProject
Project("{2150E333-8FDC-42A3-9474-1A3956D46DE8}") = "Domain", "Domain", "{A7E109F7-1A0D-420C-98F5-B7A92119D60F}"
EndProject
Project("{2150E333-8FDC-42A3-9474-1A3956D46DE8}") = "Infrastructure", "Infrastructure", "{D8B19D0A-AAF4-4198-97D6-429224629108}"
EndProject
Project("{2150E333-8FDC-42A3-9474-1A3956D46DE8}") = "Interfaces", "Interfaces", "{CD591FF3-208C-4C5F-AC0A-D882658B2884}"
EndProject
Project("{9A19103F-16F7-4668-BE54-9A1E7A4F7556}") = "Onion.Core.Domain.Tests", "Onion\Tests\Core\Domain\Onion.Core.Domain.Tests\Onion.Core.Domain.Tests.csproj", "{11159307-CAE6-4F03-9B73-43A4F829FD04}"
EndProject
Project("{2150E333-8FDC-42A3-9474-1A3956D46DE8}") = "Layered", "Layered", "{E6824583-6C92-42EA-B57A-8CE1DBE058C5}"
EndProject
Project("{2150E333-8FDC-42A3-9474-1A3956D46DE8}") = "UI", "UI", "{1C6B4928-8AA4-4E2D-9662-AE27905A9E89}"
EndProject
Project("{2150E333-8FDC-42A3-9474-1A3956D46DE8}") = "BLL", "BLL", "{8182D8C0-FC9E-40D2-A5C9-CF5A2A5D621B}"
EndProject
Project("{2150E333-8FDC-42A3-9474-1A3956D46DE8}") = "DAL", "DAL", "{4F0468AF-2CDF-4138-B074-A19D2320D3F1}"
EndProject
Project("{9A19103F-16F7-4668-BE54-9A1E7A4F7556}") = "Layered.Ui", "layered\src\ui\Layered.Ui\Layered.Ui.csproj", "{D6BE8EF2-3550-4367-B176-F91BA36FD5AC}"
EndProject
Project("{9A19103F-16F7-4668-BE54-9A1E7A4F7556}") = "Layered.Dal", "layered\src\dal\Layered.Dal\Layered.Dal.csproj", "{250B8AC1-4E0C-4D1A-A18E-F5E0977A7EF2}"
EndProject
Project("{9A19103F-16F7-4668-BE54-9A1E7A4F7556}") = "Layered.Bll", "layered\src\bll\Layered.Bll\Layered.Bll.csproj", "{74909C85-8053-4097-9AFF-00A1D27ACF8B}"
EndProject
Project("{9A19103F-16F7-4668-BE54-9A1E7A4F7556}") = "Onion.Infrastructure.StockDispatcher.Email", "onion\src\Infrastructure\Onion.Infrastructure.StockDispatcher.Email\Onion.Infrastructure.StockDispatcher.Email.csproj", "{7E72977F-57DC-46D6-AFFA-028D557DC924}"
EndProject
Project("{FAE04EC0-301F-11D3-BF4B-00C04F79EFBC}") = "Onion.Infrastructure.StockDispatcher.RabbitMq", "onion\src\Infrastructure\Onion.Infrastructure.StockDispatcher.RabbitMq\Onion.Infrastructure.StockDispatcher.RabbitMq.csproj", "{457D316C-B297-4D9B-BFB3-2F34650C211C}"
EndProject
Global
	GlobalSection(SolutionConfigurationPlatforms) = preSolution
		Debug|Any CPU = Debug|Any CPU
		Release|Any CPU = Release|Any CPU
	EndGlobalSection
	GlobalSection(ProjectConfigurationPlatforms) = postSolution
		{6D143466-48E0-49F1-95CF-90ED82A6C327}.Debug|Any CPU.ActiveCfg = Debug|Any CPU
		{6D143466-48E0-49F1-95CF-90ED82A6C327}.Debug|Any CPU.Build.0 = Debug|Any CPU
		{6D143466-48E0-49F1-95CF-90ED82A6C327}.Release|Any CPU.ActiveCfg = Release|Any CPU
		{6D143466-48E0-49F1-95CF-90ED82A6C327}.Release|Any CPU.Build.0 = Release|Any CPU
		{37E2B11B-9287-43AD-8AA3-5DBED868E607}.Debug|Any CPU.ActiveCfg = Debug|Any CPU
		{37E2B11B-9287-43AD-8AA3-5DBED868E607}.Debug|Any CPU.Build.0 = Debug|Any CPU
		{37E2B11B-9287-43AD-8AA3-5DBED868E607}.Release|Any CPU.ActiveCfg = Release|Any CPU
		{37E2B11B-9287-43AD-8AA3-5DBED868E607}.Release|Any CPU.Build.0 = Release|Any CPU
		{9DC9D824-88AA-4B72-A1B3-8014815CD35A}.Debug|Any CPU.ActiveCfg = Debug|Any CPU
		{9DC9D824-88AA-4B72-A1B3-8014815CD35A}.Debug|Any CPU.Build.0 = Debug|Any CPU
		{9DC9D824-88AA-4B72-A1B3-8014815CD35A}.Release|Any CPU.ActiveCfg = Release|Any CPU
		{9DC9D824-88AA-4B72-A1B3-8014815CD35A}.Release|Any CPU.Build.0 = Release|Any CPU
		{02E51E62-BAAA-4607-9676-5DA98EB28E0C}.Debug|Any CPU.ActiveCfg = Debug|Any CPU
		{02E51E62-BAAA-4607-9676-5DA98EB28E0C}.Debug|Any CPU.Build.0 = Debug|Any CPU
		{02E51E62-BAAA-4607-9676-5DA98EB28E0C}.Release|Any CPU.ActiveCfg = Release|Any CPU
		{02E51E62-BAAA-4607-9676-5DA98EB28E0C}.Release|Any CPU.Build.0 = Release|Any CPU
		{7FB91CE8-1023-4897-8C9D-DEF5D6DE1C69}.Debug|Any CPU.ActiveCfg = Debug|Any CPU
		{7FB91CE8-1023-4897-8C9D-DEF5D6DE1C69}.Debug|Any CPU.Build.0 = Debug|Any CPU
		{7FB91CE8-1023-4897-8C9D-DEF5D6DE1C69}.Release|Any CPU.ActiveCfg = Release|Any CPU
		{7FB91CE8-1023-4897-8C9D-DEF5D6DE1C69}.Release|Any CPU.Build.0 = Release|Any CPU
		{A5B52C83-2969-4D39-A983-2AF43EF7AD03}.Debug|Any CPU.ActiveCfg = Debug|Any CPU
		{A5B52C83-2969-4D39-A983-2AF43EF7AD03}.Debug|Any CPU.Build.0 = Debug|Any CPU
		{A5B52C83-2969-4D39-A983-2AF43EF7AD03}.Release|Any CPU.ActiveCfg = Release|Any CPU
		{A5B52C83-2969-4D39-A983-2AF43EF7AD03}.Release|Any CPU.Build.0 = Release|Any CPU
		{11159307-CAE6-4F03-9B73-43A4F829FD04}.Debug|Any CPU.ActiveCfg = Debug|Any CPU
		{11159307-CAE6-4F03-9B73-43A4F829FD04}.Debug|Any CPU.Build.0 = Debug|Any CPU
		{11159307-CAE6-4F03-9B73-43A4F829FD04}.Release|Any CPU.ActiveCfg = Release|Any CPU
		{11159307-CAE6-4F03-9B73-43A4F829FD04}.Release|Any CPU.Build.0 = Release|Any CPU
		{D6BE8EF2-3550-4367-B176-F91BA36FD5AC}.Debug|Any CPU.ActiveCfg = Debug|Any CPU
		{D6BE8EF2-3550-4367-B176-F91BA36FD5AC}.Debug|Any CPU.Build.0 = Debug|Any CPU
		{D6BE8EF2-3550-4367-B176-F91BA36FD5AC}.Release|Any CPU.ActiveCfg = Release|Any CPU
		{D6BE8EF2-3550-4367-B176-F91BA36FD5AC}.Release|Any CPU.Build.0 = Release|Any CPU
		{250B8AC1-4E0C-4D1A-A18E-F5E0977A7EF2}.Debug|Any CPU.ActiveCfg = Debug|Any CPU
		{250B8AC1-4E0C-4D1A-A18E-F5E0977A7EF2}.Debug|Any CPU.Build.0 = Debug|Any CPU
		{250B8AC1-4E0C-4D1A-A18E-F5E0977A7EF2}.Release|Any CPU.ActiveCfg = Release|Any CPU
		{250B8AC1-4E0C-4D1A-A18E-F5E0977A7EF2}.Release|Any CPU.Build.0 = Release|Any CPU
		{74909C85-8053-4097-9AFF-00A1D27ACF8B}.Debug|Any CPU.ActiveCfg = Debug|Any CPU
		{74909C85-8053-4097-9AFF-00A1D27ACF8B}.Debug|Any CPU.Build.0 = Debug|Any CPU
		{74909C85-8053-4097-9AFF-00A1D27ACF8B}.Release|Any CPU.ActiveCfg = Release|Any CPU
		{74909C85-8053-4097-9AFF-00A1D27ACF8B}.Release|Any CPU.Build.0 = Release|Any CPU
		{7E72977F-57DC-46D6-AFFA-028D557DC924}.Debug|Any CPU.ActiveCfg = Debug|Any CPU
		{7E72977F-57DC-46D6-AFFA-028D557DC924}.Debug|Any CPU.Build.0 = Debug|Any CPU
		{7E72977F-57DC-46D6-AFFA-028D557DC924}.Release|Any CPU.ActiveCfg = Release|Any CPU
		{7E72977F-57DC-46D6-AFFA-028D557DC924}.Release|Any CPU.Build.0 = Release|Any CPU
		{457D316C-B297-4D9B-BFB3-2F34650C211C}.Debug|Any CPU.ActiveCfg = Debug|Any CPU
		{457D316C-B297-4D9B-BFB3-2F34650C211C}.Debug|Any CPU.Build.0 = Debug|Any CPU
		{457D316C-B297-4D9B-BFB3-2F34650C211C}.Release|Any CPU.ActiveCfg = Release|Any CPU
		{457D316C-B297-4D9B-BFB3-2F34650C211C}.Release|Any CPU.Build.0 = Release|Any CPU
	EndGlobalSection
	GlobalSection(SolutionProperties) = preSolution
		HideSolutionNode = FALSE
	EndGlobalSection
	GlobalSection(NestedProjects) = preSolution
		{B46338A4-0328-4AAF-B334-0510221A14C6} = {1B0870DD-704F-447A-B6FE-A4DC5C6FFC4D}
		{7B6E7EFE-7F9A-4811-B3B4-38C1218DE57C} = {B46338A4-0328-4AAF-B334-0510221A14C6}
		{98241710-6BD9-4654-8D07-4AE373AB5F77} = {B46338A4-0328-4AAF-B334-0510221A14C6}
		{90469294-6A07-4BD6-ABEA-D1C9A1698F53} = {1B0870DD-704F-447A-B6FE-A4DC5C6FFC4D}
		{37C56DB9-3C46-4CA2-B2BF-3AAE2447DF73} = {1B0870DD-704F-447A-B6FE-A4DC5C6FFC4D}
		{7D47BBCC-6D56-4709-83F8-DB975C48EEB4} = {1B0870DD-704F-447A-B6FE-A4DC5C6FFC4D}
		{6D143466-48E0-49F1-95CF-90ED82A6C327} = {7B6E7EFE-7F9A-4811-B3B4-38C1218DE57C}
		{37E2B11B-9287-43AD-8AA3-5DBED868E607} = {98241710-6BD9-4654-8D07-4AE373AB5F77}
		{9DC9D824-88AA-4B72-A1B3-8014815CD35A} = {7D47BBCC-6D56-4709-83F8-DB975C48EEB4}
		{02E51E62-BAAA-4607-9676-5DA98EB28E0C} = {7D47BBCC-6D56-4709-83F8-DB975C48EEB4}
		{7FB91CE8-1023-4897-8C9D-DEF5D6DE1C69} = {90469294-6A07-4BD6-ABEA-D1C9A1698F53}
		{A5B52C83-2969-4D39-A983-2AF43EF7AD03} = {90469294-6A07-4BD6-ABEA-D1C9A1698F53}
		{38E0B0AB-D258-4918-9B26-994F634C45BC} = {37C56DB9-3C46-4CA2-B2BF-3AAE2447DF73}
		{082EC6A9-4DA1-4ECC-BC10-98CBD2BE9757} = {38E0B0AB-D258-4918-9B26-994F634C45BC}
		{A7E109F7-1A0D-420C-98F5-B7A92119D60F} = {38E0B0AB-D258-4918-9B26-994F634C45BC}
		{D8B19D0A-AAF4-4198-97D6-429224629108} = {37C56DB9-3C46-4CA2-B2BF-3AAE2447DF73}
		{CD591FF3-208C-4C5F-AC0A-D882658B2884} = {37C56DB9-3C46-4CA2-B2BF-3AAE2447DF73}
		{11159307-CAE6-4F03-9B73-43A4F829FD04} = {A7E109F7-1A0D-420C-98F5-B7A92119D60F}
		{1C6B4928-8AA4-4E2D-9662-AE27905A9E89} = {E6824583-6C92-42EA-B57A-8CE1DBE058C5}
		{8182D8C0-FC9E-40D2-A5C9-CF5A2A5D621B} = {E6824583-6C92-42EA-B57A-8CE1DBE058C5}
		{4F0468AF-2CDF-4138-B074-A19D2320D3F1} = {E6824583-6C92-42EA-B57A-8CE1DBE058C5}
		{D6BE8EF2-3550-4367-B176-F91BA36FD5AC} = {1C6B4928-8AA4-4E2D-9662-AE27905A9E89}
		{250B8AC1-4E0C-4D1A-A18E-F5E0977A7EF2} = {4F0468AF-2CDF-4138-B074-A19D2320D3F1}
		{74909C85-8053-4097-9AFF-00A1D27ACF8B} = {8182D8C0-FC9E-40D2-A5C9-CF5A2A5D621B}
		{7E72977F-57DC-46D6-AFFA-028D557DC924} = {7D47BBCC-6D56-4709-83F8-DB975C48EEB4}
		{457D316C-B297-4D9B-BFB3-2F34650C211C} = {7D47BBCC-6D56-4709-83F8-DB975C48EEB4}
	EndGlobalSection
	GlobalSection(ExtensibilityGlobals) = postSolution
		SolutionGuid = {60277DF1-8F26-493D-9467-171592E25BDB}
	EndGlobalSection
EndGlobal
